
Microsoft Visual Studio Solution File, Format Version 12.00
# Visual Studio Version 17
VisualStudioVersion = 17.7.34031.279
MinimumVisualStudioVersion = 10.0.40219.1
Project("{9A19103F-16F7-4668-BE54-9A1E7A4F7556}") = "HundeKennel", "HundeKennel\HundeKennel.csproj", "{C397B78D-3B89-4815-B87C-AF4B5DA077B9}"
EndProject
Project("{9A19103F-16F7-4668-BE54-9A1E7A4F7556}") = "Unit Test 1", "Unit Test 1\Unit Test 1.csproj", "{FA37106A-5607-408D-827A-D4209C4D1584}"
EndProject
Global
	GlobalSection(SolutionConfigurationPlatforms) = preSolution
		Debug|Any CPU = Debug|Any CPU
		Release|Any CPU = Release|Any CPU
	EndGlobalSection
	GlobalSection(ProjectConfigurationPlatforms) = postSolution
		{C397B78D-3B89-4815-B87C-AF4B5DA077B9}.Debug|Any CPU.ActiveCfg = Debug|Any CPU
		{C397B78D-3B89-4815-B87C-AF4B5DA077B9}.Debug|Any CPU.Build.0 = Debug|Any CPU
		{C397B78D-3B89-4815-B87C-AF4B5DA077B9}.Release|Any CPU.ActiveCfg = Release|Any CPU
		{C397B78D-3B89-4815-B87C-AF4B5DA077B9}.Release|Any CPU.Build.0 = Release|Any CPU
		{FA37106A-5607-408D-827A-D4209C4D1584}.Debug|Any CPU.ActiveCfg = Debug|Any CPU
		{FA37106A-5607-408D-827A-D4209C4D1584}.Debug|Any CPU.Build.0 = Debug|Any CPU
		{FA37106A-5607-408D-827A-D4209C4D1584}.Release|Any CPU.ActiveCfg = Release|Any CPU
		{FA37106A-5607-408D-827A-D4209C4D1584}.Release|Any CPU.Build.0 = Release|Any CPU
	EndGlobalSection
	GlobalSection(SolutionProperties) = preSolution
		HideSolutionNode = FALSE
	EndGlobalSection
	GlobalSection(ExtensibilityGlobals) = postSolution
		SolutionGuid = {7B4850E1-97FE-4547-A95A-2C6D8AF2E2EA}
	EndGlobalSection
EndGlobal
